// !$*UTF8*$!
{
	archiveVersion = 1;
	classes = {
	};
	objectVersion = 50;
	objects = {

/* Begin PBXBuildFile section */
		2342822522FD7A5F00C284BD /* PageModel.swift in Sources */ = {isa = PBXBuildFile; fileRef = 2342822422FD7A5F00C284BD /* PageModel.swift */; };
		2376400523001F9400179410 /* LoginCell.swift in Sources */ = {isa = PBXBuildFile; fileRef = 2376400423001F9400179410 /* LoginCell.swift */; };
		237640072300293300179410 /* UITextFieldLeftPadding.swift in Sources */ = {isa = PBXBuildFile; fileRef = 237640062300293300179410 /* UITextFieldLeftPadding.swift */; };
		23BC499222FB27D4006F5F88 /* AppDelegate.swift in Sources */ = {isa = PBXBuildFile; fileRef = 23BC499122FB27D4006F5F88 /* AppDelegate.swift */; };
		23BC499422FB27D4006F5F88 /* ViewController.swift in Sources */ = {isa = PBXBuildFile; fileRef = 23BC499322FB27D4006F5F88 /* ViewController.swift */; };
		23BC499722FB27D4006F5F88 /* Main.storyboard in Resources */ = {isa = PBXBuildFile; fileRef = 23BC499522FB27D4006F5F88 /* Main.storyboard */; };
		23BC499922FB27D6006F5F88 /* Assets.xcassets in Resources */ = {isa = PBXBuildFile; fileRef = 23BC499822FB27D6006F5F88 /* Assets.xcassets */; };
		23BC499C22FB27D6006F5F88 /* LaunchScreen.storyboard in Resources */ = {isa = PBXBuildFile; fileRef = 23BC499A22FB27D6006F5F88 /* LaunchScreen.storyboard */; };
		23BC49A422FB2AA3006F5F88 /* ExtensionUIView.swift in Sources */ = {isa = PBXBuildFile; fileRef = 23BC49A322FB2AA3006F5F88 /* ExtensionUIView.swift */; };
		23BC49A622FB2E9B006F5F88 /* ExtensionCollectionView.swift in Sources */ = {isa = PBXBuildFile; fileRef = 23BC49A522FB2E9B006F5F88 /* ExtensionCollectionView.swift */; };
		23BC49A822FB30CD006F5F88 /* Constante.swift in Sources */ = {isa = PBXBuildFile; fileRef = 23BC49A722FB30CD006F5F88 /* Constante.swift */; };
		23BC49AA22FB341A006F5F88 /* CellModel.swift in Sources */ = {isa = PBXBuildFile; fileRef = 23BC49A922FB341A006F5F88 /* CellModel.swift */; };
/* End PBXBuildFile section */

/* Begin PBXFileReference section */
		2342822422FD7A5F00C284BD /* PageModel.swift */ = {isa = PBXFileReference; lastKnownFileType = sourcecode.swift; path = PageModel.swift; sourceTree = "<group>"; };
		2376400423001F9400179410 /* LoginCell.swift */ = {isa = PBXFileReference; lastKnownFileType = sourcecode.swift; path = LoginCell.swift; sourceTree = "<group>"; };
		237640062300293300179410 /* UITextFieldLeftPadding.swift */ = {isa = PBXFileReference; lastKnownFileType = sourcecode.swift; path = UITextFieldLeftPadding.swift; sourceTree = "<group>"; };
		23BC498E22FB27D4006F5F88 /* Collection View App.app */ = {isa = PBXFileReference; explicitFileType = wrapper.application; includeInIndex = 0; path = "Collection View App.app"; sourceTree = BUILT_PRODUCTS_DIR; };
		23BC499122FB27D4006F5F88 /* AppDelegate.swift */ = {isa = PBXFileReference; lastKnownFileType = sourcecode.swift; path = AppDelegate.swift; sourceTree = "<group>"; };
		23BC499322FB27D4006F5F88 /* ViewController.swift */ = {isa = PBXFileReference; lastKnownFileType = sourcecode.swift; path = ViewController.swift; sourceTree = "<group>"; };
		23BC499622FB27D4006F5F88 /* Base */ = {isa = PBXFileReference; lastKnownFileType = file.storyboard; name = Base; path = Base.lproj/Main.storyboard; sourceTree = "<group>"; };
		23BC499822FB27D6006F5F88 /* Assets.xcassets */ = {isa = PBXFileReference; lastKnownFileType = folder.assetcatalog; path = Assets.xcassets; sourceTree = "<group>"; };
		23BC499B22FB27D6006F5F88 /* Base */ = {isa = PBXFileReference; lastKnownFileType = file.storyboard; name = Base; path = Base.lproj/LaunchScreen.storyboard; sourceTree = "<group>"; };
		23BC499D22FB27D6006F5F88 /* Info.plist */ = {isa = PBXFileReference; lastKnownFileType = text.plist.xml; path = Info.plist; sourceTree = "<group>"; };
		23BC49A322FB2AA3006F5F88 /* ExtensionUIView.swift */ = {isa = PBXFileReference; lastKnownFileType = sourcecode.swift; path = ExtensionUIView.swift; sourceTree = "<group>"; };
		23BC49A522FB2E9B006F5F88 /* ExtensionCollectionView.swift */ = {isa = PBXFileReference; lastKnownFileType = sourcecode.swift; path = ExtensionCollectionView.swift; sourceTree = "<group>"; };
		23BC49A722FB30CD006F5F88 /* Constante.swift */ = {isa = PBXFileReference; lastKnownFileType = sourcecode.swift; path = Constante.swift; sourceTree = "<group>"; };
		23BC49A922FB341A006F5F88 /* CellModel.swift */ = {isa = PBXFileReference; lastKnownFileType = sourcecode.swift; path = CellModel.swift; sourceTree = "<group>"; };
/* End PBXFileReference section */

/* Begin PBXFrameworksBuildPhase section */
		23BC498B22FB27D4006F5F88 /* Frameworks */ = {
			isa = PBXFrameworksBuildPhase;
			buildActionMask = 2147483647;
			files = (
			);
			runOnlyForDeploymentPostprocessing = 0;
		};
/* End PBXFrameworksBuildPhase section */

/* Begin PBXGroup section */
		2342822122FD7A1F00C284BD /* Controller */ = {
			isa = PBXGroup;
			children = (
				23BC499322FB27D4006F5F88 /* ViewController.swift */,
			);
			path = Controller;
			sourceTree = "<group>";
		};
		2342822222FD7A2C00C284BD /* View */ = {
			isa = PBXGroup;
			children = (
				237640062300293300179410 /* UITextFieldLeftPadding.swift */,
			);
			path = View;
			sourceTree = "<group>";
		};
		2342822322FD7A3400C284BD /* Model */ = {
			isa = PBXGroup;
			children = (
				23BC49A922FB341A006F5F88 /* CellModel.swift */,
				2342822422FD7A5F00C284BD /* PageModel.swift */,
				2376400423001F9400179410 /* LoginCell.swift */,
			);
			path = Model;
			sourceTree = "<group>";
		};
		2342822622FD7CB100C284BD /* Storyboard */ = {
			isa = PBXGroup;
			children = (
				23BC499522FB27D4006F5F88 /* Main.storyboard */,
				23BC499A22FB27D6006F5F88 /* LaunchScreen.storyboard */,
			);
			path = Storyboard;
			sourceTree = "<group>";
		};
		23BC498522FB27D4006F5F88 = {
			isa = PBXGroup;
			children = (
				23BC499022FB27D4006F5F88 /* Collection View App */,
				23BC498F22FB27D4006F5F88 /* Products */,
			);
			sourceTree = "<group>";
		};
		23BC498F22FB27D4006F5F88 /* Products */ = {
			isa = PBXGroup;
			children = (
				23BC498E22FB27D4006F5F88 /* Collection View App.app */,
			);
			name = Products;
			sourceTree = "<group>";
		};
		23BC499022FB27D4006F5F88 /* Collection View App */ = {
			isa = PBXGroup;
			children = (
				23BC499D22FB27D6006F5F88 /* Info.plist */,
				23BC499122FB27D4006F5F88 /* AppDelegate.swift */,
				23BC49A722FB30CD006F5F88 /* Constante.swift */,
				23BC499822FB27D6006F5F88 /* Assets.xcassets */,
				2342822322FD7A3400C284BD /* Model */,
				2342822222FD7A2C00C284BD /* View */,
				2342822122FD7A1F00C284BD /* Controller */,
				23BC49AB22FB3425006F5F88 /* Extension */,
				2342822622FD7CB100C284BD /* Storyboard */,
			);
			path = "Collection View App";
			sourceTree = "<group>";
		};
		23BC49AB22FB3425006F5F88 /* Extension */ = {
			isa = PBXGroup;
			children = (
				23BC49A322FB2AA3006F5F88 /* ExtensionUIView.swift */,
				23BC49A522FB2E9B006F5F88 /* ExtensionCollectionView.swift */,
			);
			path = Extension;
			sourceTree = "<group>";
		};
/* End PBXGroup section */

/* Begin PBXNativeTarget section */
		23BC498D22FB27D4006F5F88 /* Collection View App */ = {
			isa = PBXNativeTarget;
			buildConfigurationList = 23BC49A022FB27D6006F5F88 /* Build configuration list for PBXNativeTarget "Collection View App" */;
			buildPhases = (
				23BC498A22FB27D4006F5F88 /* Sources */,
				23BC498B22FB27D4006F5F88 /* Frameworks */,
				23BC498C22FB27D4006F5F88 /* Resources */,
			);
			buildRules = (
			);
			dependencies = (
			);
			name = "Collection View App";
			productName = "Collection View App";
			productReference = 23BC498E22FB27D4006F5F88 /* Collection View App.app */;
			productType = "com.apple.product-type.application";
		};
/* End PBXNativeTarget section */

/* Begin PBXProject section */
		23BC498622FB27D4006F5F88 /* Project object */ = {
			isa = PBXProject;
			attributes = {
				LastSwiftUpdateCheck = 1030;
				LastUpgradeCheck = 1030;
				ORGANIZATIONNAME = "Saliou DJALO";
				TargetAttributes = {
					23BC498D22FB27D4006F5F88 = {
						CreatedOnToolsVersion = 10.3;
					};
				};
			};
			buildConfigurationList = 23BC498922FB27D4006F5F88 /* Build configuration list for PBXProject "Collection View App" */;
			compatibilityVersion = "Xcode 9.3";
			developmentRegion = en;
			hasScannedForEncodings = 0;
			knownRegions = (
				en,
				Base,
			);
			mainGroup = 23BC498522FB27D4006F5F88;
			productRefGroup = 23BC498F22FB27D4006F5F88 /* Products */;
			projectDirPath = "";
			projectRoot = "";
			targets = (
				23BC498D22FB27D4006F5F88 /* Collection View App */,
			);
		};
/* End PBXProject section */

/* Begin PBXResourcesBuildPhase section */
		23BC498C22FB27D4006F5F88 /* Resources */ = {
			isa = PBXResourcesBuildPhase;
			buildActionMask = 2147483647;
			files = (
				23BC499C22FB27D6006F5F88 /* LaunchScreen.storyboard in Resources */,
				23BC499922FB27D6006F5F88 /* Assets.xcassets in Resources */,
				23BC499722FB27D4006F5F88 /* Main.storyboard in Resources */,
			);
			runOnlyForDeploymentPostprocessing = 0;
		};
/* End PBXResourcesBuildPhase section */

/* Begin PBXSourcesBuildPhase section */
		23BC498A22FB27D4006F5F88 /* Sources */ = {
			isa = PBXSourcesBuildPhase;
			buildActionMask = 2147483647;
			files = (
				23BC49A622FB2E9B006F5F88 /* ExtensionCollectionView.swift in Sources */,
				2342822522FD7A5F00C284BD /* PageModel.swift in Sources */,
				23BC49A422FB2AA3006F5F88 /* ExtensionUIView.swift in Sources */,
				2376400523001F9400179410 /* LoginCell.swift in Sources */,
				237640072300293300179410 /* UITextFieldLeftPadding.swift in Sources */,
				23BC499422FB27D4006F5F88 /* ViewController.swift in Sources */,
				23BC49A822FB30CD006F5F88 /* Constante.swift in Sources */,
				23BC499222FB27D4006F5F88 /* AppDelegate.swift in Sources */,
				23BC49AA22FB341A006F5F88 /* CellModel.swift in Sources */,
			);
			runOnlyForDeploymentPostprocessing = 0;
		};
/* End PBXSourcesBuildPhase section */

/* Begin PBXVariantGroup section */
		23BC499522FB27D4006F5F88 /* Main.storyboard */ = {
			isa = PBXVariantGroup;
			children = (
				23BC499622FB27D4006F5F88 /* Base */,
			);
			name = Main.storyboard;
			sourceTree = "<group>";
		};
		23BC499A22FB27D6006F5F88 /* LaunchScreen.storyboard */ = {
			isa = PBXVariantGroup;
			children = (
				23BC499B22FB27D6006F5F88 /* Base */,
			);
			name = LaunchScreen.storyboard;
			sourceTree = "<group>";
		};
/* End PBXVariantGroup section */

/* Begin XCBuildConfiguration section */
		23BC499E22FB27D6006F5F88 /* Debug */ = {
			isa = XCBuildConfiguration;
			buildSettings = {
				ALWAYS_SEARCH_USER_PATHS = NO;
				CLANG_ANALYZER_NONNULL = YES;
				CLANG_ANALYZER_NUMBER_OBJECT_CONVERSION = YES_AGGRESSIVE;
				CLANG_CXX_LANGUAGE_STANDARD = "gnu++14";
				CLANG_CXX_LIBRARY = "libc++";
				CLANG_ENABLE_MODULES = YES;
				CLANG_ENABLE_OBJC_ARC = YES;
				CLANG_ENABLE_OBJC_WEAK = YES;
				CLANG_WARN_BLOCK_CAPTURE_AUTORELEASING = YES;
				CLANG_WARN_BOOL_CONVERSION = YES;
				CLANG_WARN_COMMA = YES;
				CLANG_WARN_CONSTANT_CONVERSION = YES;
				CLANG_WARN_DEPRECATED_OBJC_IMPLEMENTATIONS = YES;
				CLANG_WARN_DIRECT_OBJC_ISA_USAGE = YES_ERROR;
				CLANG_WARN_DOCUMENTATION_COMMENTS = YES;
				CLANG_WARN_EMPTY_BODY = YES;
				CLANG_WARN_ENUM_CONVERSION = YES;
				CLANG_WARN_INFINITE_RECURSION = YES;
				CLANG_WARN_INT_CONVERSION = YES;
				CLANG_WARN_NON_LITERAL_NULL_CONVERSION = YES;
				CLANG_WARN_OBJC_IMPLICIT_RETAIN_SELF = YES;
				CLANG_WARN_OBJC_LITERAL_CONVERSION = YES;
				CLANG_WARN_OBJC_ROOT_CLASS = YES_ERROR;
				CLANG_WARN_RANGE_LOOP_ANALYSIS = YES;
				CLANG_WARN_STRICT_PROTOTYPES = YES;
				CLANG_WARN_SUSPICIOUS_MOVE = YES;
				CLANG_WARN_UNGUARDED_AVAILABILITY = YES_AGGRESSIVE;
				CLANG_WARN_UNREACHABLE_CODE = YES;
				CLANG_WARN__DUPLICATE_METHOD_MATCH = YES;
				CODE_SIGN_IDENTITY = "iPhone Developer";
				COPY_PHASE_STRIP = NO;
				DEBUG_INFORMATION_FORMAT = dwarf;
				ENABLE_STRICT_OBJC_MSGSEND = YES;
				ENABLE_TESTABILITY = YES;
				GCC_C_LANGUAGE_STANDARD = gnu11;
				GCC_DYNAMIC_NO_PIC = NO;
				GCC_NO_COMMON_BLOCKS = YES;
				GCC_OPTIMIZATION_LEVEL = 0;
				GCC_PREPROCESSOR_DEFINITIONS = (
					"DEBUG=1",
					"$(inherited)",
				);
				GCC_WARN_64_TO_32_BIT_CONVERSION = YES;
				GCC_WARN_ABOUT_RETURN_TYPE = YES_ERROR;
				GCC_WARN_UNDECLARED_SELECTOR = YES;
				GCC_WARN_UNINITIALIZED_AUTOS = YES_AGGRESSIVE;
				GCC_WARN_UNUSED_FUNCTION = YES;
				GCC_WARN_UNUSED_VARIABLE = YES;
				IPHONEOS_DEPLOYMENT_TARGET = 12.4;
				MTL_ENABLE_DEBUG_INFO = INCLUDE_SOURCE;
				MTL_FAST_MATH = YES;
				ONLY_ACTIVE_ARCH = YES;
				SDKROOT = iphoneos;
				SWIFT_ACTIVE_COMPILATION_CONDITIONS = DEBUG;
				SWIFT_OPTIMIZATION_LEVEL = "-Onone";
			};
			name = Debug;
		};
		23BC499F22FB27D6006F5F88 /* Release */ = {
			isa = XCBuildConfiguration;
			buildSettings = {
				ALWAYS_SEARCH_USER_PATHS = NO;
				CLANG_ANALYZER_NONNULL = YES;
				CLANG_ANALYZER_NUMBER_OBJECT_CONVERSION = YES_AGGRESSIVE;
				CLANG_CXX_LANGUAGE_STANDARD = "gnu++14";
				CLANG_CXX_LIBRARY = "libc++";
				CLANG_ENABLE_MODULES = YES;
				CLANG_ENABLE_OBJC_ARC = YES;
				CLANG_ENABLE_OBJC_WEAK = YES;
				CLANG_WARN_BLOCK_CAPTURE_AUTORELEASING = YES;
				CLANG_WARN_BOOL_CONVERSION = YES;
				CLANG_WARN_COMMA = YES;
				CLANG_WARN_CONSTANT_CONVERSION = YES;
				CLANG_WARN_DEPRECATED_OBJC_IMPLEMENTATIONS = YES;
				CLANG_WARN_DIRECT_OBJC_ISA_USAGE = YES_ERROR;
				CLANG_WARN_DOCUMENTATION_COMMENTS = YES;
				CLANG_WARN_EMPTY_BODY = YES;
				CLANG_WARN_ENUM_CONVERSION = YES;
				CLANG_WARN_INFINITE_RECURSION = YES;
				CLANG_WARN_INT_CONVERSION = YES;
				CLANG_WARN_NON_LITERAL_NULL_CONVERSION = YES;
				CLANG_WARN_OBJC_IMPLICIT_RETAIN_SELF = YES;
				CLANG_WARN_OBJC_LITERAL_CONVERSION = YES;
				CLANG_WARN_OBJC_ROOT_CLASS = YES_ERROR;
				CLANG_WARN_RANGE_LOOP_ANALYSIS = YES;
				CLANG_WARN_STRICT_PROTOTYPES = YES;
				CLANG_WARN_SUSPICIOUS_MOVE = YES;
				CLANG_WARN_UNGUARDED_AVAILABILITY = YES_AGGRESSIVE;
				CLANG_WARN_UNREACHABLE_CODE = YES;
				CLANG_WARN__DUPLICATE_METHOD_MATCH = YES;
				CODE_SIGN_IDENTITY = "iPhone Developer";
				COPY_PHASE_STRIP = NO;
				DEBUG_INFORMATION_FORMAT = "dwarf-with-dsym";
				ENABLE_NS_ASSERTIONS = NO;
				ENABLE_STRICT_OBJC_MSGSEND = YES;
				GCC_C_LANGUAGE_STANDARD = gnu11;
				GCC_NO_COMMON_BLOCKS = YES;
				GCC_WARN_64_TO_32_BIT_CONVERSION = YES;
				GCC_WARN_ABOUT_RETURN_TYPE = YES_ERROR;
				GCC_WARN_UNDECLARED_SELECTOR = YES;
				GCC_WARN_UNINITIALIZED_AUTOS = YES_AGGRESSIVE;
				GCC_WARN_UNUSED_FUNCTION = YES;
				GCC_WARN_UNUSED_VARIABLE = YES;
				IPHONEOS_DEPLOYMENT_TARGET = 12.4;
				MTL_ENABLE_DEBUG_INFO = NO;
				MTL_FAST_MATH = YES;
				SDKROOT = iphoneos;
				SWIFT_COMPILATION_MODE = wholemodule;
				SWIFT_OPTIMIZATION_LEVEL = "-O";
				VALIDATE_PRODUCT = YES;
			};
			name = Release;
		};
		23BC49A122FB27D6006F5F88 /* Debug */ = {
			isa = XCBuildConfiguration;
			buildSettings = {
				ASSETCATALOG_COMPILER_APPICON_NAME = AppIcon;
				CODE_SIGN_STYLE = Automatic;
				DEVELOPMENT_TEAM = P2XHN57QAV;
				INFOPLIST_FILE = "Collection View App/Info.plist";
				LD_RUNPATH_SEARCH_PATHS = (
					"$(inherited)",
					"@executable_path/Frameworks",
				);
				PRODUCT_BUNDLE_IDENTIFIER = "com.djalo.Collection-View-App";
				PRODUCT_NAME = "$(TARGET_NAME)";
				SWIFT_VERSION = 5.0;
				TARGETED_DEVICE_FAMILY = 1;
			};
			name = Debug;
		};
		23BC49A222FB27D6006F5F88 /* Release */ = {
			isa = XCBuildConfiguration;
			buildSettings = {
				ASSETCATALOG_COMPILER_APPICON_NAME = AppIcon;
				CODE_SIGN_STYLE = Automatic;
				DEVELOPMENT_TEAM = P2XHN57QAV;
				INFOPLIST_FILE = "Collection View App/Info.plist";
				LD_RUNPATH_SEARCH_PATHS = (
					"$(inherited)",
					"@executable_path/Frameworks",
				);
				PRODUCT_BUNDLE_IDENTIFIER = "com.djalo.Collection-View-App";
				PRODUCT_NAME = "$(TARGET_NAME)";
				SWIFT_VERSION = 5.0;
				TARGETED_DEVICE_FAMILY = 1;
			};
			name = Release;
		};
/* End XCBuildConfiguration section */

/* Begin XCConfigurationList section */
		23BC498922FB27D4006F5F88 /* Build configuration list for PBXProject "Collection View App" */ = {
			isa = XCConfigurationList;
			buildConfigurations = (
				23BC499E22FB27D6006F5F88 /* Debug */,
				23BC499F22FB27D6006F5F88 /* Release */,
			);
			defaultConfigurationIsVisible = 0;
			defaultConfigurationName = Release;
		};
		23BC49A022FB27D6006F5F88 /* Build configuration list for PBXNativeTarget "Collection View App" */ = {
			isa = XCConfigurationList;
			buildConfigurations = (
				23BC49A122FB27D6006F5F88 /* Debug */,
				23BC49A222FB27D6006F5F88 /* Release */,
			);
			defaultConfigurationIsVisible = 0;
			defaultConfigurationName = Release;
		};
/* End XCConfigurationList section */
	};
	rootObject = 23BC498622FB27D4006F5F88 /* Project object */;
}
